
Microsoft Visual Studio Solution File, Format Version 12.00
# Visual Studio Version 17
VisualStudioVersion = 17.14.36518.9
MinimumVisualStudioVersion = 10.0.40219.1
Project("{FAE04EC0-301F-11D3-BF4B-00C04F79EFBC}") = "DataBinding.Data", "DataBinding.Data\DataBinding.Data.csproj", "{4896069F-A661-4EC9-B0BD-04BF79FF6747}"
EndProject
Project("{2150E333-8FDC-42A3-9474-1A3956D46DE8}") = "models", "models", "{02EA681E-C7D8-13C7-8484-4AC65E1B71E8}"
	ProjectSection(SolutionItems) = preProject
		Contador.cs = Contador.cs
	EndProjectSection
EndProject
Project("{FAE04EC0-301F-11D3-BF4B-00C04F79EFBC}") = "DataBinding.xaml", "DataBinding.xaml\DataBinding.xaml.csproj", "{BF93A963-65B3-449A-A59E-DBB8D8260753}"
EndProject
Project("{FAE04EC0-301F-11D3-BF4B-00C04F79EFBC}") = "Databaidin.coleccion", "Databaidin.coleccion\Databaidin.coleccion.csproj", "{8F5CED25-7F54-484E-9751-A0156B36BD89}"
EndProject
Global
	GlobalSection(SolutionConfigurationPlatforms) = preSolution
		Debug|Any CPU = Debug|Any CPU
		Release|Any CPU = Release|Any CPU
	EndGlobalSection
	GlobalSection(ProjectConfigurationPlatforms) = postSolution
		{4896069F-A661-4EC9-B0BD-04BF79FF6747}.Debug|Any CPU.ActiveCfg = Debug|Any CPU
		{4896069F-A661-4EC9-B0BD-04BF79FF6747}.Debug|Any CPU.Build.0 = Debug|Any CPU
		{4896069F-A661-4EC9-B0BD-04BF79FF6747}.Debug|Any CPU.Deploy.0 = Debug|Any CPU
		{4896069F-A661-4EC9-B0BD-04BF79FF6747}.Release|Any CPU.ActiveCfg = Release|Any CPU
		{4896069F-A661-4EC9-B0BD-04BF79FF6747}.Release|Any CPU.Build.0 = Release|Any CPU
		{BF93A963-65B3-449A-A59E-DBB8D8260753}.Debug|Any CPU.ActiveCfg = Debug|Any CPU
		{BF93A963-65B3-449A-A59E-DBB8D8260753}.Debug|Any CPU.Build.0 = Debug|Any CPU
		{BF93A963-65B3-449A-A59E-DBB8D8260753}.Release|Any CPU.ActiveCfg = Release|Any CPU
		{BF93A963-65B3-449A-A59E-DBB8D8260753}.Release|Any CPU.Build.0 = Release|Any CPU
		{8F5CED25-7F54-484E-9751-A0156B36BD89}.Debug|Any CPU.ActiveCfg = Debug|Any CPU
		{8F5CED25-7F54-484E-9751-A0156B36BD89}.Debug|Any CPU.Build.0 = Debug|Any CPU
		{8F5CED25-7F54-484E-9751-A0156B36BD89}.Debug|Any CPU.Deploy.0 = Debug|Any CPU
		{8F5CED25-7F54-484E-9751-A0156B36BD89}.Release|Any CPU.ActiveCfg = Release|Any CPU
		{8F5CED25-7F54-484E-9751-A0156B36BD89}.Release|Any CPU.Build.0 = Release|Any CPU
	EndGlobalSection
	GlobalSection(SolutionProperties) = preSolution
		HideSolutionNode = FALSE
	EndGlobalSection
	GlobalSection(ExtensibilityGlobals) = postSolution
		SolutionGuid = {24019722-8F09-42F8-95DE-5FEDD888757F}
	EndGlobalSection
EndGlobal
